
Microsoft Visual Studio Solution File, Format Version 12.00
Project("{FAE04EC0-301F-11D3-BF4B-00C04F79EFBC}") = "SupabaseService", "SupabaseService\SupabaseService.csproj", "{5B0595A8-F9BD-46BF-A29B-B116682F94DE}"
EndProject
Project("{FAE04EC0-301F-11D3-BF4B-00C04F79EFBC}") = "DesktopApp", "DesktopApp\DesktopApp.csproj", "{567E975A-B5DF-4AA6-B72D-7E5B972D3A2D}"
EndProject
Project("{FAE04EC0-301F-11D3-BF4B-00C04F79EFBC}") = "GutenbergApi", "GutenbergApi\GutenbergApi.csproj", "{5446EB14-C8C9-45C5-9B6B-89B98650E998}"
EndProject
Project("{FAE04EC0-301F-11D3-BF4B-00C04F79EFBC}") = "GutenbergApiTest", "GutenbergApiTest\GutenbergApiTest.csproj", "{740E40E7-B73E-4DF3-98DC-5CFC3946A617}"
EndProject
Global
	GlobalSection(SolutionConfigurationPlatforms) = preSolution
		Debug|Any CPU = Debug|Any CPU
		Release|Any CPU = Release|Any CPU
	EndGlobalSection
	GlobalSection(ProjectConfigurationPlatforms) = postSolution
		{5B0595A8-F9BD-46BF-A29B-B116682F94DE}.Debug|Any CPU.ActiveCfg = Debug|Any CPU
		{5B0595A8-F9BD-46BF-A29B-B116682F94DE}.Debug|Any CPU.Build.0 = Debug|Any CPU
		{5B0595A8-F9BD-46BF-A29B-B116682F94DE}.Release|Any CPU.ActiveCfg = Release|Any CPU
		{5B0595A8-F9BD-46BF-A29B-B116682F94DE}.Release|Any CPU.Build.0 = Release|Any CPU
		{567E975A-B5DF-4AA6-B72D-7E5B972D3A2D}.Debug|Any CPU.ActiveCfg = Debug|Any CPU
		{567E975A-B5DF-4AA6-B72D-7E5B972D3A2D}.Debug|Any CPU.Build.0 = Debug|Any CPU
		{567E975A-B5DF-4AA6-B72D-7E5B972D3A2D}.Release|Any CPU.ActiveCfg = Release|Any CPU
		{567E975A-B5DF-4AA6-B72D-7E5B972D3A2D}.Release|Any CPU.Build.0 = Release|Any CPU
		{5446EB14-C8C9-45C5-9B6B-89B98650E998}.Debug|Any CPU.ActiveCfg = Debug|Any CPU
		{5446EB14-C8C9-45C5-9B6B-89B98650E998}.Debug|Any CPU.Build.0 = Debug|Any CPU
		{5446EB14-C8C9-45C5-9B6B-89B98650E998}.Release|Any CPU.ActiveCfg = Release|Any CPU
		{5446EB14-C8C9-45C5-9B6B-89B98650E998}.Release|Any CPU.Build.0 = Release|Any CPU
		{740E40E7-B73E-4DF3-98DC-5CFC3946A617}.Debug|Any CPU.ActiveCfg = Debug|Any CPU
		{740E40E7-B73E-4DF3-98DC-5CFC3946A617}.Debug|Any CPU.Build.0 = Debug|Any CPU
		{740E40E7-B73E-4DF3-98DC-5CFC3946A617}.Release|Any CPU.ActiveCfg = Release|Any CPU
		{740E40E7-B73E-4DF3-98DC-5CFC3946A617}.Release|Any CPU.Build.0 = Release|Any CPU
	EndGlobalSection
EndGlobal
